// !$*UTF8*$!
{
	archiveVersion = 1;
	classes = {
	};
	objectVersion = 50;
	objects = {

/* Begin PBXBuildFile section */
		09EFABF097FAA4A8DCC9F797 /* Pods_Konkani_RecipesTests.framework in Frameworks */ = {isa = PBXBuildFile; fileRef = 474BA19D86F56DDF99E8BFC5 /* Pods_Konkani_RecipesTests.framework */; };
		51319E2C962CB0DAF652FCC2 /* Pods_Konkani_RecipesUITests.framework in Frameworks */ = {isa = PBXBuildFile; fileRef = 6DA3BFF92050FBA8958618AA /* Pods_Konkani_RecipesUITests.framework */; };
		5F404EB9F0FF90D6A71E8E93 /* Pods_Konkani_Recipes.framework in Frameworks */ = {isa = PBXBuildFile; fileRef = 2686D5227834D0773AE5FAD7 /* Pods_Konkani_Recipes.framework */; };
		761A96FB20903DF000B31EEB /* Recipe+CoreDataClass.swift in Sources */ = {isa = PBXBuildFile; fileRef = 761A96F720903DEF00B31EEB /* Recipe+CoreDataClass.swift */; };
		761A96FC20903DF000B31EEB /* Ingredient+CoreDataClass.swift in Sources */ = {isa = PBXBuildFile; fileRef = 761A96F820903DEF00B31EEB /* Ingredient+CoreDataClass.swift */; };
		761A96FD20903DF000B31EEB /* Ingredient+CoreDataProperties.swift in Sources */ = {isa = PBXBuildFile; fileRef = 761A96F920903DF000B31EEB /* Ingredient+CoreDataProperties.swift */; };
		761A96FE20903DF000B31EEB /* Recipe+CoreDataProperties.swift in Sources */ = {isa = PBXBuildFile; fileRef = 761A96FA20903DF000B31EEB /* Recipe+CoreDataProperties.swift */; };
		761A970320903E9700B31EEB /* Image+CoreDataClass.swift in Sources */ = {isa = PBXBuildFile; fileRef = 761A96FF20903E9600B31EEB /* Image+CoreDataClass.swift */; };
		761A970420903E9700B31EEB /* RecipeType+CoreDataClass.swift in Sources */ = {isa = PBXBuildFile; fileRef = 761A970020903E9600B31EEB /* RecipeType+CoreDataClass.swift */; };
		761A970520903E9700B31EEB /* RecipeType+CoreDataProperties.swift in Sources */ = {isa = PBXBuildFile; fileRef = 761A970120903E9600B31EEB /* RecipeType+CoreDataProperties.swift */; };
		761A970620903E9700B31EEB /* Image+CoreDataProperties.swift in Sources */ = {isa = PBXBuildFile; fileRef = 761A970220903E9700B31EEB /* Image+CoreDataProperties.swift */; };
		764938F8208EEB370041FED2 /* AppDelegate.swift in Sources */ = {isa = PBXBuildFile; fileRef = 764938F7208EEB370041FED2 /* AppDelegate.swift */; };
		764938FD208EEB370041FED2 /* Main.storyboard in Resources */ = {isa = PBXBuildFile; fileRef = 764938FB208EEB370041FED2 /* Main.storyboard */; };
		76493900208EEB370041FED2 /* Konkani_Recipes.xcdatamodeld in Sources */ = {isa = PBXBuildFile; fileRef = 764938FE208EEB370041FED2 /* Konkani_Recipes.xcdatamodeld */; };
		76493902208EEB380041FED2 /* Assets.xcassets in Resources */ = {isa = PBXBuildFile; fileRef = 76493901208EEB380041FED2 /* Assets.xcassets */; };
		76493905208EEB380041FED2 /* LaunchScreen.storyboard in Resources */ = {isa = PBXBuildFile; fileRef = 76493903208EEB380041FED2 /* LaunchScreen.storyboard */; };
		76493910208EEB380041FED2 /* Konkani_RecipesTests.swift in Sources */ = {isa = PBXBuildFile; fileRef = 7649390F208EEB380041FED2 /* Konkani_RecipesTests.swift */; };
		7649391B208EEB380041FED2 /* Konkani_RecipesUITests.swift in Sources */ = {isa = PBXBuildFile; fileRef = 7649391A208EEB380041FED2 /* Konkani_RecipesUITests.swift */; };
		7676D789208EF40F0047435F /* RecipeListViewController.swift in Sources */ = {isa = PBXBuildFile; fileRef = 7676D788208EF40F0047435F /* RecipeListViewController.swift */; };
		7676D78D208F04D60047435F /* RecipeDetailViewController.swift in Sources */ = {isa = PBXBuildFile; fileRef = 7676D78C208F04D60047435F /* RecipeDetailViewController.swift */; };
/* End PBXBuildFile section */

/* Begin PBXContainerItemProxy section */
		7649390C208EEB380041FED2 /* PBXContainerItemProxy */ = {
			isa = PBXContainerItemProxy;
			containerPortal = 764938EC208EEB370041FED2 /* Project object */;
			proxyType = 1;
			remoteGlobalIDString = 764938F3208EEB370041FED2;
			remoteInfo = "Konkani Recipes";
		};
		76493917208EEB380041FED2 /* PBXContainerItemProxy */ = {
			isa = PBXContainerItemProxy;
			containerPortal = 764938EC208EEB370041FED2 /* Project object */;
			proxyType = 1;
			remoteGlobalIDString = 764938F3208EEB370041FED2;
			remoteInfo = "Konkani Recipes";
		};
/* End PBXContainerItemProxy section */

/* Begin PBXFileReference section */
		2686D5227834D0773AE5FAD7 /* Pods_Konkani_Recipes.framework */ = {isa = PBXFileReference; explicitFileType = wrapper.framework; includeInIndex = 0; path = Pods_Konkani_Recipes.framework; sourceTree = BUILT_PRODUCTS_DIR; };
		474BA19D86F56DDF99E8BFC5 /* Pods_Konkani_RecipesTests.framework */ = {isa = PBXFileReference; explicitFileType = wrapper.framework; includeInIndex = 0; path = Pods_Konkani_RecipesTests.framework; sourceTree = BUILT_PRODUCTS_DIR; };
		560B6CF108097CFB3B0EB632 /* Pods-Konkani Recipes.debug.xcconfig */ = {isa = PBXFileReference; includeInIndex = 1; lastKnownFileType = text.xcconfig; name = "Pods-Konkani Recipes.debug.xcconfig"; path = "Pods/Target Support Files/Pods-Konkani Recipes/Pods-Konkani Recipes.debug.xcconfig"; sourceTree = "<group>"; };
		6DA3BFF92050FBA8958618AA /* Pods_Konkani_RecipesUITests.framework */ = {isa = PBXFileReference; explicitFileType = wrapper.framework; includeInIndex = 0; path = Pods_Konkani_RecipesUITests.framework; sourceTree = BUILT_PRODUCTS_DIR; };
		7498DF7B147ADAF3DE0FEBE7 /* Pods-Konkani RecipesTests.release.xcconfig */ = {isa = PBXFileReference; includeInIndex = 1; lastKnownFileType = text.xcconfig; name = "Pods-Konkani RecipesTests.release.xcconfig"; path = "Pods/Target Support Files/Pods-Konkani RecipesTests/Pods-Konkani RecipesTests.release.xcconfig"; sourceTree = "<group>"; };
		761A96F720903DEF00B31EEB /* Recipe+CoreDataClass.swift */ = {isa = PBXFileReference; lastKnownFileType = sourcecode.swift; name = "Recipe+CoreDataClass.swift"; path = "/Users/mbhandary/Documents/Projects/Konkani Recipes/Konkani Recipes/Recipe+CoreDataClass.swift"; sourceTree = "<absolute>"; };
		761A96F820903DEF00B31EEB /* Ingredient+CoreDataClass.swift */ = {isa = PBXFileReference; lastKnownFileType = sourcecode.swift; name = "Ingredient+CoreDataClass.swift"; path = "/Users/mbhandary/Documents/Projects/Konkani Recipes/Konkani Recipes/Ingredient+CoreDataClass.swift"; sourceTree = "<absolute>"; };
		761A96F920903DF000B31EEB /* Ingredient+CoreDataProperties.swift */ = {isa = PBXFileReference; lastKnownFileType = sourcecode.swift; name = "Ingredient+CoreDataProperties.swift"; path = "/Users/mbhandary/Documents/Projects/Konkani Recipes/Konkani Recipes/Ingredient+CoreDataProperties.swift"; sourceTree = "<absolute>"; };
		761A96FA20903DF000B31EEB /* Recipe+CoreDataProperties.swift */ = {isa = PBXFileReference; lastKnownFileType = sourcecode.swift; name = "Recipe+CoreDataProperties.swift"; path = "/Users/mbhandary/Documents/Projects/Konkani Recipes/Konkani Recipes/Recipe+CoreDataProperties.swift"; sourceTree = "<absolute>"; };
		761A96FF20903E9600B31EEB /* Image+CoreDataClass.swift */ = {isa = PBXFileReference; lastKnownFileType = sourcecode.swift; name = "Image+CoreDataClass.swift"; path = "/Users/mbhandary/Documents/Projects/Konkani Recipes/Konkani Recipes/Image+CoreDataClass.swift"; sourceTree = "<absolute>"; };
		761A970020903E9600B31EEB /* RecipeType+CoreDataClass.swift */ = {isa = PBXFileReference; lastKnownFileType = sourcecode.swift; name = "RecipeType+CoreDataClass.swift"; path = "/Users/mbhandary/Documents/Projects/Konkani Recipes/Konkani Recipes/RecipeType+CoreDataClass.swift"; sourceTree = "<absolute>"; };
		761A970120903E9600B31EEB /* RecipeType+CoreDataProperties.swift */ = {isa = PBXFileReference; lastKnownFileType = sourcecode.swift; name = "RecipeType+CoreDataProperties.swift"; path = "/Users/mbhandary/Documents/Projects/Konkani Recipes/Konkani Recipes/RecipeType+CoreDataProperties.swift"; sourceTree = "<absolute>"; };
		761A970220903E9700B31EEB /* Image+CoreDataProperties.swift */ = {isa = PBXFileReference; lastKnownFileType = sourcecode.swift; name = "Image+CoreDataProperties.swift"; path = "/Users/mbhandary/Documents/Projects/Konkani Recipes/Konkani Recipes/Image+CoreDataProperties.swift"; sourceTree = "<absolute>"; };
		764938F4208EEB370041FED2 /* Konkani Recipes.app */ = {isa = PBXFileReference; explicitFileType = wrapper.application; includeInIndex = 0; path = "Konkani Recipes.app"; sourceTree = BUILT_PRODUCTS_DIR; };
		764938F7208EEB370041FED2 /* AppDelegate.swift */ = {isa = PBXFileReference; lastKnownFileType = sourcecode.swift; path = AppDelegate.swift; sourceTree = "<group>"; };
		764938FC208EEB370041FED2 /* Base */ = {isa = PBXFileReference; lastKnownFileType = file.storyboard; name = Base; path = Base.lproj/Main.storyboard; sourceTree = "<group>"; };
		764938FF208EEB370041FED2 /* Konkani_Recipes.xcdatamodel */ = {isa = PBXFileReference; lastKnownFileType = wrapper.xcdatamodel; path = Konkani_Recipes.xcdatamodel; sourceTree = "<group>"; };
		76493901208EEB380041FED2 /* Assets.xcassets */ = {isa = PBXFileReference; lastKnownFileType = folder.assetcatalog; path = Assets.xcassets; sourceTree = "<group>"; };
		76493904208EEB380041FED2 /* Base */ = {isa = PBXFileReference; lastKnownFileType = file.storyboard; name = Base; path = Base.lproj/LaunchScreen.storyboard; sourceTree = "<group>"; };
		76493906208EEB380041FED2 /* Info.plist */ = {isa = PBXFileReference; lastKnownFileType = text.plist.xml; path = Info.plist; sourceTree = "<group>"; };
		7649390B208EEB380041FED2 /* Konkani RecipesTests.xctest */ = {isa = PBXFileReference; explicitFileType = wrapper.cfbundle; includeInIndex = 0; path = "Konkani RecipesTests.xctest"; sourceTree = BUILT_PRODUCTS_DIR; };
		7649390F208EEB380041FED2 /* Konkani_RecipesTests.swift */ = {isa = PBXFileReference; lastKnownFileType = sourcecode.swift; path = Konkani_RecipesTests.swift; sourceTree = "<group>"; };
		76493911208EEB380041FED2 /* Info.plist */ = {isa = PBXFileReference; lastKnownFileType = text.plist.xml; path = Info.plist; sourceTree = "<group>"; };
		76493916208EEB380041FED2 /* Konkani RecipesUITests.xctest */ = {isa = PBXFileReference; explicitFileType = wrapper.cfbundle; includeInIndex = 0; path = "Konkani RecipesUITests.xctest"; sourceTree = BUILT_PRODUCTS_DIR; };
		7649391A208EEB380041FED2 /* Konkani_RecipesUITests.swift */ = {isa = PBXFileReference; lastKnownFileType = sourcecode.swift; path = Konkani_RecipesUITests.swift; sourceTree = "<group>"; };
		7649391C208EEB380041FED2 /* Info.plist */ = {isa = PBXFileReference; lastKnownFileType = text.plist.xml; path = Info.plist; sourceTree = "<group>"; };
		7676D788208EF40F0047435F /* RecipeListViewController.swift */ = {isa = PBXFileReference; lastKnownFileType = sourcecode.swift; path = RecipeListViewController.swift; sourceTree = "<group>"; };
		7676D78C208F04D60047435F /* RecipeDetailViewController.swift */ = {isa = PBXFileReference; lastKnownFileType = sourcecode.swift; path = RecipeDetailViewController.swift; sourceTree = "<group>"; };
		78D8BFAB960C4D03EBDF1641 /* Pods-Konkani RecipesUITests.release.xcconfig */ = {isa = PBXFileReference; includeInIndex = 1; lastKnownFileType = text.xcconfig; name = "Pods-Konkani RecipesUITests.release.xcconfig"; path = "Pods/Target Support Files/Pods-Konkani RecipesUITests/Pods-Konkani RecipesUITests.release.xcconfig"; sourceTree = "<group>"; };
		B2931F071FD04F737ED414E9 /* Pods-Konkani RecipesTests.debug.xcconfig */ = {isa = PBXFileReference; includeInIndex = 1; lastKnownFileType = text.xcconfig; name = "Pods-Konkani RecipesTests.debug.xcconfig"; path = "Pods/Target Support Files/Pods-Konkani RecipesTests/Pods-Konkani RecipesTests.debug.xcconfig"; sourceTree = "<group>"; };
		EDE8EDF5F2E24AF862B00449 /* Pods-Konkani RecipesUITests.debug.xcconfig */ = {isa = PBXFileReference; includeInIndex = 1; lastKnownFileType = text.xcconfig; name = "Pods-Konkani RecipesUITests.debug.xcconfig"; path = "Pods/Target Support Files/Pods-Konkani RecipesUITests/Pods-Konkani RecipesUITests.debug.xcconfig"; sourceTree = "<group>"; };
		F0E4952A6CB8A9004BEE835B /* Pods-Konkani Recipes.release.xcconfig */ = {isa = PBXFileReference; includeInIndex = 1; lastKnownFileType = text.xcconfig; name = "Pods-Konkani Recipes.release.xcconfig"; path = "Pods/Target Support Files/Pods-Konkani Recipes/Pods-Konkani Recipes.release.xcconfig"; sourceTree = "<group>"; };
/* End PBXFileReference section */

/* Begin PBXFrameworksBuildPhase section */
		764938F1208EEB370041FED2 /* Frameworks */ = {
			isa = PBXFrameworksBuildPhase;
			buildActionMask = 2147483647;
			files = (
				5F404EB9F0FF90D6A71E8E93 /* Pods_Konkani_Recipes.framework in Frameworks */,
			);
			runOnlyForDeploymentPostprocessing = 0;
		};
		76493908208EEB380041FED2 /* Frameworks */ = {
			isa = PBXFrameworksBuildPhase;
			buildActionMask = 2147483647;
			files = (
				09EFABF097FAA4A8DCC9F797 /* Pods_Konkani_RecipesTests.framework in Frameworks */,
			);
			runOnlyForDeploymentPostprocessing = 0;
		};
		76493913208EEB380041FED2 /* Frameworks */ = {
			isa = PBXFrameworksBuildPhase;
			buildActionMask = 2147483647;
			files = (
				51319E2C962CB0DAF652FCC2 /* Pods_Konkani_RecipesUITests.framework in Frameworks */,
			);
			runOnlyForDeploymentPostprocessing = 0;
		};
/* End PBXFrameworksBuildPhase section */

/* Begin PBXGroup section */
		4C5324498B0FB8293E12F778 /* Pods */ = {
			isa = PBXGroup;
			children = (
				560B6CF108097CFB3B0EB632 /* Pods-Konkani Recipes.debug.xcconfig */,
				F0E4952A6CB8A9004BEE835B /* Pods-Konkani Recipes.release.xcconfig */,
				B2931F071FD04F737ED414E9 /* Pods-Konkani RecipesTests.debug.xcconfig */,
				7498DF7B147ADAF3DE0FEBE7 /* Pods-Konkani RecipesTests.release.xcconfig */,
				EDE8EDF5F2E24AF862B00449 /* Pods-Konkani RecipesUITests.debug.xcconfig */,
				78D8BFAB960C4D03EBDF1641 /* Pods-Konkani RecipesUITests.release.xcconfig */,
			);
			name = Pods;
			sourceTree = "<group>";
		};
		761A970720903F0500B31EEB /* Model */ = {
			isa = PBXGroup;
			children = (
				761A96FF20903E9600B31EEB /* Image+CoreDataClass.swift */,
				761A970220903E9700B31EEB /* Image+CoreDataProperties.swift */,
				761A970020903E9600B31EEB /* RecipeType+CoreDataClass.swift */,
				761A970120903E9600B31EEB /* RecipeType+CoreDataProperties.swift */,
				761A96F820903DEF00B31EEB /* Ingredient+CoreDataClass.swift */,
				761A96F920903DF000B31EEB /* Ingredient+CoreDataProperties.swift */,
				761A96F720903DEF00B31EEB /* Recipe+CoreDataClass.swift */,
				761A96FA20903DF000B31EEB /* Recipe+CoreDataProperties.swift */,
			);
			path = Model;
			sourceTree = "<group>";
		};
		764938EB208EEB370041FED2 = {
			isa = PBXGroup;
			children = (
				764938F6208EEB370041FED2 /* Konkani Recipes */,
				7649390E208EEB380041FED2 /* Konkani RecipesTests */,
				76493919208EEB380041FED2 /* Konkani RecipesUITests */,
				764938F5208EEB370041FED2 /* Products */,
				4C5324498B0FB8293E12F778 /* Pods */,
				CED648753982B83C72870844 /* Frameworks */,
			);
			sourceTree = "<group>";
		};
		764938F5208EEB370041FED2 /* Products */ = {
			isa = PBXGroup;
			children = (
				764938F4208EEB370041FED2 /* Konkani Recipes.app */,
				7649390B208EEB380041FED2 /* Konkani RecipesTests.xctest */,
				76493916208EEB380041FED2 /* Konkani RecipesUITests.xctest */,
			);
			name = Products;
			sourceTree = "<group>";
		};
		764938F6208EEB370041FED2 /* Konkani Recipes */ = {
			isa = PBXGroup;
			children = (
				761A970720903F0500B31EEB /* Model */,
				764938F7208EEB370041FED2 /* AppDelegate.swift */,
				7676D788208EF40F0047435F /* RecipeListViewController.swift */,
				7676D78C208F04D60047435F /* RecipeDetailViewController.swift */,
				764938FB208EEB370041FED2 /* Main.storyboard */,
				76493901208EEB380041FED2 /* Assets.xcassets */,
				76493903208EEB380041FED2 /* LaunchScreen.storyboard */,
				76493906208EEB380041FED2 /* Info.plist */,
				764938FE208EEB370041FED2 /* Konkani_Recipes.xcdatamodeld */,
			);
			path = "Konkani Recipes";
			sourceTree = "<group>";
		};
		7649390E208EEB380041FED2 /* Konkani RecipesTests */ = {
			isa = PBXGroup;
			children = (
				7649390F208EEB380041FED2 /* Konkani_RecipesTests.swift */,
				76493911208EEB380041FED2 /* Info.plist */,
			);
			path = "Konkani RecipesTests";
			sourceTree = "<group>";
		};
		76493919208EEB380041FED2 /* Konkani RecipesUITests */ = {
			isa = PBXGroup;
			children = (
				7649391A208EEB380041FED2 /* Konkani_RecipesUITests.swift */,
				7649391C208EEB380041FED2 /* Info.plist */,
			);
			path = "Konkani RecipesUITests";
			sourceTree = "<group>";
		};
		CED648753982B83C72870844 /* Frameworks */ = {
			isa = PBXGroup;
			children = (
				2686D5227834D0773AE5FAD7 /* Pods_Konkani_Recipes.framework */,
				474BA19D86F56DDF99E8BFC5 /* Pods_Konkani_RecipesTests.framework */,
				6DA3BFF92050FBA8958618AA /* Pods_Konkani_RecipesUITests.framework */,
			);
			name = Frameworks;
			sourceTree = "<group>";
		};
/* End PBXGroup section */

/* Begin PBXNativeTarget section */
		764938F3208EEB370041FED2 /* Konkani Recipes */ = {
			isa = PBXNativeTarget;
			buildConfigurationList = 7649391F208EEB380041FED2 /* Build configuration list for PBXNativeTarget "Konkani Recipes" */;
			buildPhases = (
				16CB41FCBB806A10F3DD27AB /* [CP] Check Pods Manifest.lock */,
				764938F0208EEB370041FED2 /* Sources */,
				764938F1208EEB370041FED2 /* Frameworks */,
				764938F2208EEB370041FED2 /* Resources */,
				0C38E331BE55CFB7EC498FF2 /* [CP] Embed Pods Frameworks */,
				D0633FFAAAB30E5DBB9D6EBA /* [CP] Copy Pods Resources */,
			);
			buildRules = (
			);
			dependencies = (
			);
			name = "Konkani Recipes";
			productName = "Konkani Recipes";
			productReference = 764938F4208EEB370041FED2 /* Konkani Recipes.app */;
			productType = "com.apple.product-type.application";
		};
		7649390A208EEB380041FED2 /* Konkani RecipesTests */ = {
			isa = PBXNativeTarget;
			buildConfigurationList = 76493922208EEB380041FED2 /* Build configuration list for PBXNativeTarget "Konkani RecipesTests" */;
			buildPhases = (
				2BAAE8CF6229BFCCC732FF0F /* [CP] Check Pods Manifest.lock */,
				76493907208EEB380041FED2 /* Sources */,
				76493908208EEB380041FED2 /* Frameworks */,
				76493909208EEB380041FED2 /* Resources */,
				2C8EB4CBDBFAE3F77BE1C8A0 /* [CP] Embed Pods Frameworks */,
				82062C77AF62ED3018816E95 /* [CP] Copy Pods Resources */,
			);
			buildRules = (
			);
			dependencies = (
				7649390D208EEB380041FED2 /* PBXTargetDependency */,
			);
			name = "Konkani RecipesTests";
			productName = "Konkani RecipesTests";
			productReference = 7649390B208EEB380041FED2 /* Konkani RecipesTests.xctest */;
			productType = "com.apple.product-type.bundle.unit-test";
		};
		76493915208EEB380041FED2 /* Konkani RecipesUITests */ = {
			isa = PBXNativeTarget;
			buildConfigurationList = 76493925208EEB380041FED2 /* Build configuration list for PBXNativeTarget "Konkani RecipesUITests" */;
			buildPhases = (
				D1ADBB9FB868A2A64FBB6A91 /* [CP] Check Pods Manifest.lock */,
				76493912208EEB380041FED2 /* Sources */,
				76493913208EEB380041FED2 /* Frameworks */,
				76493914208EEB380041FED2 /* Resources */,
				ED872E1A690232A79BE2C99A /* [CP] Embed Pods Frameworks */,
				E85A8EE8F9F1E33DD5A4A6CC /* [CP] Copy Pods Resources */,
			);
			buildRules = (
			);
			dependencies = (
				76493918208EEB380041FED2 /* PBXTargetDependency */,
			);
			name = "Konkani RecipesUITests";
			productName = "Konkani RecipesUITests";
			productReference = 76493916208EEB380041FED2 /* Konkani RecipesUITests.xctest */;
			productType = "com.apple.product-type.bundle.ui-testing";
		};
/* End PBXNativeTarget section */

/* Begin PBXProject section */
		764938EC208EEB370041FED2 /* Project object */ = {
			isa = PBXProject;
			attributes = {
				LastSwiftUpdateCheck = 0930;
				LastUpgradeCheck = 0930;
				ORGANIZATIONNAME = "Manju Bhandary";
				TargetAttributes = {
					764938F3208EEB370041FED2 = {
						CreatedOnToolsVersion = 9.3;
					};
					7649390A208EEB380041FED2 = {
						CreatedOnToolsVersion = 9.3;
						TestTargetID = 764938F3208EEB370041FED2;
					};
					76493915208EEB380041FED2 = {
						CreatedOnToolsVersion = 9.3;
						TestTargetID = 764938F3208EEB370041FED2;
					};
				};
			};
			buildConfigurationList = 764938EF208EEB370041FED2 /* Build configuration list for PBXProject "Konkani Recipes" */;
			compatibilityVersion = "Xcode 9.3";
			developmentRegion = en;
			hasScannedForEncodings = 0;
			knownRegions = (
				en,
				Base,
			);
			mainGroup = 764938EB208EEB370041FED2;
			productRefGroup = 764938F5208EEB370041FED2 /* Products */;
			projectDirPath = "";
			projectRoot = "";
			targets = (
				764938F3208EEB370041FED2 /* Konkani Recipes */,
				7649390A208EEB380041FED2 /* Konkani RecipesTests */,
				76493915208EEB380041FED2 /* Konkani RecipesUITests */,
			);
		};
/* End PBXProject section */

/* Begin PBXResourcesBuildPhase section */
		764938F2208EEB370041FED2 /* Resources */ = {
			isa = PBXResourcesBuildPhase;
			buildActionMask = 2147483647;
			files = (
				76493905208EEB380041FED2 /* LaunchScreen.storyboard in Resources */,
				76493902208EEB380041FED2 /* Assets.xcassets in Resources */,
				764938FD208EEB370041FED2 /* Main.storyboard in Resources */,
			);
			runOnlyForDeploymentPostprocessing = 0;
		};
		76493909208EEB380041FED2 /* Resources */ = {
			isa = PBXResourcesBuildPhase;
			buildActionMask = 2147483647;
			files = (
			);
			runOnlyForDeploymentPostprocessing = 0;
		};
		76493914208EEB380041FED2 /* Resources */ = {
			isa = PBXResourcesBuildPhase;
			buildActionMask = 2147483647;
			files = (
			);
			runOnlyForDeploymentPostprocessing = 0;
		};
/* End PBXResourcesBuildPhase section */

/* Begin PBXShellScriptBuildPhase section */
		0C38E331BE55CFB7EC498FF2 /* [CP] Embed Pods Frameworks */ = {
			isa = PBXShellScriptBuildPhase;
			buildActionMask = 2147483647;
			files = (
			);
			inputPaths = (
			);
			name = "[CP] Embed Pods Frameworks";
			outputPaths = (
			);
			runOnlyForDeploymentPostprocessing = 0;
			shellPath = /bin/sh;
			shellScript = "\"${SRCROOT}/Pods/Target Support Files/Pods-Konkani Recipes/Pods-Konkani Recipes-frameworks.sh\"\n";
			showEnvVarsInLog = 0;
		};
		16CB41FCBB806A10F3DD27AB /* [CP] Check Pods Manifest.lock */ = {
			isa = PBXShellScriptBuildPhase;
			buildActionMask = 2147483647;
			files = (
			);
			inputPaths = (
				"${PODS_PODFILE_DIR_PATH}/Podfile.lock",
				"${PODS_ROOT}/Manifest.lock",
			);
			name = "[CP] Check Pods Manifest.lock";
			outputPaths = (
				"$(DERIVED_FILE_DIR)/Pods-Konkani Recipes-checkManifestLockResult.txt",
			);
			runOnlyForDeploymentPostprocessing = 0;
			shellPath = /bin/sh;
			shellScript = "diff \"${PODS_PODFILE_DIR_PATH}/Podfile.lock\" \"${PODS_ROOT}/Manifest.lock\" > /dev/null\nif [ $? != 0 ] ; then\n    # print error to STDERR\n    echo \"error: The sandbox is not in sync with the Podfile.lock. Run 'pod install' or update your CocoaPods installation.\" >&2\n    exit 1\nfi\n# This output is used by Xcode 'outputs' to avoid re-running this script phase.\necho \"SUCCESS\" > \"${SCRIPT_OUTPUT_FILE_0}\"\n";
			showEnvVarsInLog = 0;
		};
		2BAAE8CF6229BFCCC732FF0F /* [CP] Check Pods Manifest.lock */ = {
			isa = PBXShellScriptBuildPhase;
			buildActionMask = 2147483647;
			files = (
			);
			inputPaths = (
				"${PODS_PODFILE_DIR_PATH}/Podfile.lock",
				"${PODS_ROOT}/Manifest.lock",
			);
			name = "[CP] Check Pods Manifest.lock";
			outputPaths = (
				"$(DERIVED_FILE_DIR)/Pods-Konkani RecipesTests-checkManifestLockResult.txt",
			);
			runOnlyForDeploymentPostprocessing = 0;
			shellPath = /bin/sh;
			shellScript = "diff \"${PODS_PODFILE_DIR_PATH}/Podfile.lock\" \"${PODS_ROOT}/Manifest.lock\" > /dev/null\nif [ $? != 0 ] ; then\n    # print error to STDERR\n    echo \"error: The sandbox is not in sync with the Podfile.lock. Run 'pod install' or update your CocoaPods installation.\" >&2\n    exit 1\nfi\n# This output is used by Xcode 'outputs' to avoid re-running this script phase.\necho \"SUCCESS\" > \"${SCRIPT_OUTPUT_FILE_0}\"\n";
			showEnvVarsInLog = 0;
		};
		2C8EB4CBDBFAE3F77BE1C8A0 /* [CP] Embed Pods Frameworks */ = {
			isa = PBXShellScriptBuildPhase;
			buildActionMask = 2147483647;
			files = (
			);
			inputPaths = (
			);
			name = "[CP] Embed Pods Frameworks";
			outputPaths = (
			);
			runOnlyForDeploymentPostprocessing = 0;
			shellPath = /bin/sh;
			shellScript = "\"${SRCROOT}/Pods/Target Support Files/Pods-Konkani RecipesTests/Pods-Konkani RecipesTests-frameworks.sh\"\n";
			showEnvVarsInLog = 0;
		};
		82062C77AF62ED3018816E95 /* [CP] Copy Pods Resources */ = {
			isa = PBXShellScriptBuildPhase;
			buildActionMask = 2147483647;
			files = (
			);
			inputPaths = (
			);
			name = "[CP] Copy Pods Resources";
			outputPaths = (
			);
			runOnlyForDeploymentPostprocessing = 0;
			shellPath = /bin/sh;
			shellScript = "\"${SRCROOT}/Pods/Target Support Files/Pods-Konkani RecipesTests/Pods-Konkani RecipesTests-resources.sh\"\n";
			showEnvVarsInLog = 0;
		};
		D0633FFAAAB30E5DBB9D6EBA /* [CP] Copy Pods Resources */ = {
			isa = PBXShellScriptBuildPhase;
			buildActionMask = 2147483647;
			files = (
			);
			inputPaths = (
			);
			name = "[CP] Copy Pods Resources";
			outputPaths = (
			);
			runOnlyForDeploymentPostprocessing = 0;
			shellPath = /bin/sh;
			shellScript = "\"${SRCROOT}/Pods/Target Support Files/Pods-Konkani Recipes/Pods-Konkani Recipes-resources.sh\"\n";
			showEnvVarsInLog = 0;
		};
		D1ADBB9FB868A2A64FBB6A91 /* [CP] Check Pods Manifest.lock */ = {
			isa = PBXShellScriptBuildPhase;
			buildActionMask = 2147483647;
			files = (
			);
			inputPaths = (
				"${PODS_PODFILE_DIR_PATH}/Podfile.lock",
				"${PODS_ROOT}/Manifest.lock",
			);
			name = "[CP] Check Pods Manifest.lock";
			outputPaths = (
				"$(DERIVED_FILE_DIR)/Pods-Konkani RecipesUITests-checkManifestLockResult.txt",
			);
			runOnlyForDeploymentPostprocessing = 0;
			shellPath = /bin/sh;
			shellScript = "diff \"${PODS_PODFILE_DIR_PATH}/Podfile.lock\" \"${PODS_ROOT}/Manifest.lock\" > /dev/null\nif [ $? != 0 ] ; then\n    # print error to STDERR\n    echo \"error: The sandbox is not in sync with the Podfile.lock. Run 'pod install' or update your CocoaPods installation.\" >&2\n    exit 1\nfi\n# This output is used by Xcode 'outputs' to avoid re-running this script phase.\necho \"SUCCESS\" > \"${SCRIPT_OUTPUT_FILE_0}\"\n";
			showEnvVarsInLog = 0;
		};
		E85A8EE8F9F1E33DD5A4A6CC /* [CP] Copy Pods Resources */ = {
			isa = PBXShellScriptBuildPhase;
			buildActionMask = 2147483647;
			files = (
			);
			inputPaths = (
			);
			name = "[CP] Copy Pods Resources";
			outputPaths = (
			);
			runOnlyForDeploymentPostprocessing = 0;
			shellPath = /bin/sh;
			shellScript = "\"${SRCROOT}/Pods/Target Support Files/Pods-Konkani RecipesUITests/Pods-Konkani RecipesUITests-resources.sh\"\n";
			showEnvVarsInLog = 0;
		};
		ED872E1A690232A79BE2C99A /* [CP] Embed Pods Frameworks */ = {
			isa = PBXShellScriptBuildPhase;
			buildActionMask = 2147483647;
			files = (
			);
			inputPaths = (
			);
			name = "[CP] Embed Pods Frameworks";
			outputPaths = (
			);
			runOnlyForDeploymentPostprocessing = 0;
			shellPath = /bin/sh;
			shellScript = "\"${SRCROOT}/Pods/Target Support Files/Pods-Konkani RecipesUITests/Pods-Konkani RecipesUITests-frameworks.sh\"\n";
			showEnvVarsInLog = 0;
		};
/* End PBXShellScriptBuildPhase section */

/* Begin PBXSourcesBuildPhase section */
		764938F0208EEB370041FED2 /* Sources */ = {
			isa = PBXSourcesBuildPhase;
			buildActionMask = 2147483647;
			files = (
				761A970320903E9700B31EEB /* Image+CoreDataClass.swift in Sources */,
				764938F8208EEB370041FED2 /* AppDelegate.swift in Sources */,
				76493900208EEB370041FED2 /* Konkani_Recipes.xcdatamodeld in Sources */,
				761A970620903E9700B31EEB /* Image+CoreDataProperties.swift in Sources */,
				761A970420903E9700B31EEB /* RecipeType+CoreDataClass.swift in Sources */,
				761A96FD20903DF000B31EEB /* Ingredient+CoreDataProperties.swift in Sources */,
				761A96FE20903DF000B31EEB /* Recipe+CoreDataProperties.swift in Sources */,
				761A96FC20903DF000B31EEB /* Ingredient+CoreDataClass.swift in Sources */,
				7676D789208EF40F0047435F /* RecipeListViewController.swift in Sources */,
				7676D78D208F04D60047435F /* RecipeDetailViewController.swift in Sources */,
				761A970520903E9700B31EEB /* RecipeType+CoreDataProperties.swift in Sources */,
				761A96FB20903DF000B31EEB /* Recipe+CoreDataClass.swift in Sources */,
			);
			runOnlyForDeploymentPostprocessing = 0;
		};
		76493907208EEB380041FED2 /* Sources */ = {
			isa = PBXSourcesBuildPhase;
			buildActionMask = 2147483647;
			files = (
				76493910208EEB380041FED2 /* Konkani_RecipesTests.swift in Sources */,
			);
			runOnlyForDeploymentPostprocessing = 0;
		};
		76493912208EEB380041FED2 /* Sources */ = {
			isa = PBXSourcesBuildPhase;
			buildActionMask = 2147483647;
			files = (
				7649391B208EEB380041FED2 /* Konkani_RecipesUITests.swift in Sources */,
			);
			runOnlyForDeploymentPostprocessing = 0;
		};
/* End PBXSourcesBuildPhase section */

/* Begin PBXTargetDependency section */
		7649390D208EEB380041FED2 /* PBXTargetDependency */ = {
			isa = PBXTargetDependency;
			target = 764938F3208EEB370041FED2 /* Konkani Recipes */;
			targetProxy = 7649390C208EEB380041FED2 /* PBXContainerItemProxy */;
		};
		76493918208EEB380041FED2 /* PBXTargetDependency */ = {
			isa = PBXTargetDependency;
			target = 764938F3208EEB370041FED2 /* Konkani Recipes */;
			targetProxy = 76493917208EEB380041FED2 /* PBXContainerItemProxy */;
		};
/* End PBXTargetDependency section */

/* Begin PBXVariantGroup section */
		764938FB208EEB370041FED2 /* Main.storyboard */ = {
			isa = PBXVariantGroup;
			children = (
				764938FC208EEB370041FED2 /* Base */,
			);
			name = Main.storyboard;
			sourceTree = "<group>";
		};
		76493903208EEB380041FED2 /* LaunchScreen.storyboard */ = {
			isa = PBXVariantGroup;
			children = (
				76493904208EEB380041FED2 /* Base */,
			);
			name = LaunchScreen.storyboard;
			sourceTree = "<group>";
		};
/* End PBXVariantGroup section */

/* Begin XCBuildConfiguration section */
		7649391D208EEB380041FED2 /* Debug */ = {
			isa = XCBuildConfiguration;
			buildSettings = {
				ALWAYS_SEARCH_USER_PATHS = NO;
				CLANG_ANALYZER_NONNULL = YES;
				CLANG_ANALYZER_NUMBER_OBJECT_CONVERSION = YES_AGGRESSIVE;
				CLANG_CXX_LANGUAGE_STANDARD = "gnu++14";
				CLANG_CXX_LIBRARY = "libc++";
				CLANG_ENABLE_MODULES = YES;
				CLANG_ENABLE_OBJC_ARC = YES;
				CLANG_ENABLE_OBJC_WEAK = YES;
				CLANG_WARN_BLOCK_CAPTURE_AUTORELEASING = YES;
				CLANG_WARN_BOOL_CONVERSION = YES;
				CLANG_WARN_COMMA = YES;
				CLANG_WARN_CONSTANT_CONVERSION = YES;
				CLANG_WARN_DEPRECATED_OBJC_IMPLEMENTATIONS = YES;
				CLANG_WARN_DIRECT_OBJC_ISA_USAGE = YES_ERROR;
				CLANG_WARN_DOCUMENTATION_COMMENTS = YES;
				CLANG_WARN_EMPTY_BODY = YES;
				CLANG_WARN_ENUM_CONVERSION = YES;
				CLANG_WARN_INFINITE_RECURSION = YES;
				CLANG_WARN_INT_CONVERSION = YES;
				CLANG_WARN_NON_LITERAL_NULL_CONVERSION = YES;
				CLANG_WARN_OBJC_IMPLICIT_RETAIN_SELF = YES;
				CLANG_WARN_OBJC_LITERAL_CONVERSION = YES;
				CLANG_WARN_OBJC_ROOT_CLASS = YES_ERROR;
				CLANG_WARN_RANGE_LOOP_ANALYSIS = YES;
				CLANG_WARN_STRICT_PROTOTYPES = YES;
				CLANG_WARN_SUSPICIOUS_MOVE = YES;
				CLANG_WARN_UNGUARDED_AVAILABILITY = YES_AGGRESSIVE;
				CLANG_WARN_UNREACHABLE_CODE = YES;
				CLANG_WARN__DUPLICATE_METHOD_MATCH = YES;
				CODE_SIGN_IDENTITY = "iPhone Developer";
				COPY_PHASE_STRIP = NO;
				DEBUG_INFORMATION_FORMAT = dwarf;
				ENABLE_STRICT_OBJC_MSGSEND = YES;
				ENABLE_TESTABILITY = YES;
				GCC_C_LANGUAGE_STANDARD = gnu11;
				GCC_DYNAMIC_NO_PIC = NO;
				GCC_NO_COMMON_BLOCKS = YES;
				GCC_OPTIMIZATION_LEVEL = 0;
				GCC_PREPROCESSOR_DEFINITIONS = (
					"DEBUG=1",
					"$(inherited)",
				);
				GCC_WARN_64_TO_32_BIT_CONVERSION = YES;
				GCC_WARN_ABOUT_RETURN_TYPE = YES_ERROR;
				GCC_WARN_UNDECLARED_SELECTOR = YES;
				GCC_WARN_UNINITIALIZED_AUTOS = YES_AGGRESSIVE;
				GCC_WARN_UNUSED_FUNCTION = YES;
				GCC_WARN_UNUSED_VARIABLE = YES;
				IPHONEOS_DEPLOYMENT_TARGET = 11.3;
				MTL_ENABLE_DEBUG_INFO = YES;
				ONLY_ACTIVE_ARCH = YES;
				SDKROOT = iphoneos;
				SWIFT_ACTIVE_COMPILATION_CONDITIONS = DEBUG;
				SWIFT_OPTIMIZATION_LEVEL = "-Onone";
			};
			name = Debug;
		};
		7649391E208EEB380041FED2 /* Release */ = {
			isa = XCBuildConfiguration;
			buildSettings = {
				ALWAYS_SEARCH_USER_PATHS = NO;
				CLANG_ANALYZER_NONNULL = YES;
				CLANG_ANALYZER_NUMBER_OBJECT_CONVERSION = YES_AGGRESSIVE;
				CLANG_CXX_LANGUAGE_STANDARD = "gnu++14";
				CLANG_CXX_LIBRARY = "libc++";
				CLANG_ENABLE_MODULES = YES;
				CLANG_ENABLE_OBJC_ARC = YES;
				CLANG_ENABLE_OBJC_WEAK = YES;
				CLANG_WARN_BLOCK_CAPTURE_AUTORELEASING = YES;
				CLANG_WARN_BOOL_CONVERSION = YES;
				CLANG_WARN_COMMA = YES;
				CLANG_WARN_CONSTANT_CONVERSION = YES;
				CLANG_WARN_DEPRECATED_OBJC_IMPLEMENTATIONS = YES;
				CLANG_WARN_DIRECT_OBJC_ISA_USAGE = YES_ERROR;
				CLANG_WARN_DOCUMENTATION_COMMENTS = YES;
				CLANG_WARN_EMPTY_BODY = YES;
				CLANG_WARN_ENUM_CONVERSION = YES;
				CLANG_WARN_INFINITE_RECURSION = YES;
				CLANG_WARN_INT_CONVERSION = YES;
				CLANG_WARN_NON_LITERAL_NULL_CONVERSION = YES;
				CLANG_WARN_OBJC_IMPLICIT_RETAIN_SELF = YES;
				CLANG_WARN_OBJC_LITERAL_CONVERSION = YES;
				CLANG_WARN_OBJC_ROOT_CLASS = YES_ERROR;
				CLANG_WARN_RANGE_LOOP_ANALYSIS = YES;
				CLANG_WARN_STRICT_PROTOTYPES = YES;
				CLANG_WARN_SUSPICIOUS_MOVE = YES;
				CLANG_WARN_UNGUARDED_AVAILABILITY = YES_AGGRESSIVE;
				CLANG_WARN_UNREACHABLE_CODE = YES;
				CLANG_WARN__DUPLICATE_METHOD_MATCH = YES;
				CODE_SIGN_IDENTITY = "iPhone Developer";
				COPY_PHASE_STRIP = NO;
				DEBUG_INFORMATION_FORMAT = "dwarf-with-dsym";
				ENABLE_NS_ASSERTIONS = NO;
				ENABLE_STRICT_OBJC_MSGSEND = YES;
				GCC_C_LANGUAGE_STANDARD = gnu11;
				GCC_NO_COMMON_BLOCKS = YES;
				GCC_WARN_64_TO_32_BIT_CONVERSION = YES;
				GCC_WARN_ABOUT_RETURN_TYPE = YES_ERROR;
				GCC_WARN_UNDECLARED_SELECTOR = YES;
				GCC_WARN_UNINITIALIZED_AUTOS = YES_AGGRESSIVE;
				GCC_WARN_UNUSED_FUNCTION = YES;
				GCC_WARN_UNUSED_VARIABLE = YES;
				IPHONEOS_DEPLOYMENT_TARGET = 11.3;
				MTL_ENABLE_DEBUG_INFO = NO;
				SDKROOT = iphoneos;
				SWIFT_COMPILATION_MODE = wholemodule;
				SWIFT_OPTIMIZATION_LEVEL = "-O";
				VALIDATE_PRODUCT = YES;
			};
			name = Release;
		};
		76493920208EEB380041FED2 /* Debug */ = {
			isa = XCBuildConfiguration;
			baseConfigurationReference = 560B6CF108097CFB3B0EB632 /* Pods-Konkani Recipes.debug.xcconfig */;
			buildSettings = {
				ASSETCATALOG_COMPILER_APPICON_NAME = AppIcon;
				CODE_SIGN_STYLE = Automatic;
				DEVELOPMENT_TEAM = U8LA2G52A7;
				INFOPLIST_FILE = "Konkani Recipes/Info.plist";
				LD_RUNPATH_SEARCH_PATHS = (
					"$(inherited)",
					"@executable_path/Frameworks",
				);
				PRODUCT_BUNDLE_IDENTIFIER = "com.mirsang.Konkani-Recipes";
				PRODUCT_NAME = "$(TARGET_NAME)";
				SWIFT_VERSION = 4.0;
				TARGETED_DEVICE_FAMILY = "1,2";
			};
			name = Debug;
		};
		76493921208EEB380041FED2 /* Release */ = {
			isa = XCBuildConfiguration;
			baseConfigurationReference = F0E4952A6CB8A9004BEE835B /* Pods-Konkani Recipes.release.xcconfig */;
			buildSettings = {
				ASSETCATALOG_COMPILER_APPICON_NAME = AppIcon;
				CODE_SIGN_STYLE = Automatic;
				DEVELOPMENT_TEAM = U8LA2G52A7;
				INFOPLIST_FILE = "Konkani Recipes/Info.plist";
				LD_RUNPATH_SEARCH_PATHS = (
					"$(inherited)",
					"@executable_path/Frameworks",
				);
				PRODUCT_BUNDLE_IDENTIFIER = "com.mirsang.Konkani-Recipes";
				PRODUCT_NAME = "$(TARGET_NAME)";
				SWIFT_VERSION = 4.0;
				TARGETED_DEVICE_FAMILY = "1,2";
			};
			name = Release;
		};
		76493923208EEB380041FED2 /* Debug */ = {
			isa = XCBuildConfiguration;
			baseConfigurationReference = B2931F071FD04F737ED414E9 /* Pods-Konkani RecipesTests.debug.xcconfig */;
			buildSettings = {
				ALWAYS_EMBED_SWIFT_STANDARD_LIBRARIES = YES;
				BUNDLE_LOADER = "$(TEST_HOST)";
				CODE_SIGN_STYLE = Automatic;
				DEVELOPMENT_TEAM = U8LA2G52A7;
				INFOPLIST_FILE = "Konkani RecipesTests/Info.plist";
				LD_RUNPATH_SEARCH_PATHS = (
					"$(inherited)",
					"@executable_path/Frameworks",
					"@loader_path/Frameworks",
				);
				PRODUCT_BUNDLE_IDENTIFIER = "com.mirsang.Konkani-RecipesTests";
				PRODUCT_NAME = "$(TARGET_NAME)";
				SWIFT_VERSION = 4.0;
				TARGETED_DEVICE_FAMILY = "1,2";
				TEST_HOST = "$(BUILT_PRODUCTS_DIR)/Konkani Recipes.app/Konkani Recipes";
			};
			name = Debug;
		};
		76493924208EEB380041FED2 /* Release */ = {
			isa = XCBuildConfiguration;
			baseConfigurationReference = 7498DF7B147ADAF3DE0FEBE7 /* Pods-Konkani RecipesTests.release.xcconfig */;
			buildSettings = {
				ALWAYS_EMBED_SWIFT_STANDARD_LIBRARIES = YES;
				BUNDLE_LOADER = "$(TEST_HOST)";
				CODE_SIGN_STYLE = Automatic;
				DEVELOPMENT_TEAM = U8LA2G52A7;
				INFOPLIST_FILE = "Konkani RecipesTests/Info.plist";
				LD_RUNPATH_SEARCH_PATHS = (
					"$(inherited)",
					"@executable_path/Frameworks",
					"@loader_path/Frameworks",
				);
				PRODUCT_BUNDLE_IDENTIFIER = "com.mirsang.Konkani-RecipesTests";
				PRODUCT_NAME = "$(TARGET_NAME)";
				SWIFT_VERSION = 4.0;
				TARGETED_DEVICE_FAMILY = "1,2";
				TEST_HOST = "$(BUILT_PRODUCTS_DIR)/Konkani Recipes.app/Konkani Recipes";
			};
			name = Release;
		};
		76493926208EEB380041FED2 /* Debug */ = {
			isa = XCBuildConfiguration;
			baseConfigurationReference = EDE8EDF5F2E24AF862B00449 /* Pods-Konkani RecipesUITests.debug.xcconfig */;
			buildSettings = {
				ALWAYS_EMBED_SWIFT_STANDARD_LIBRARIES = YES;
				CODE_SIGN_STYLE = Automatic;
				DEVELOPMENT_TEAM = U8LA2G52A7;
				INFOPLIST_FILE = "Konkani RecipesUITests/Info.plist";
				LD_RUNPATH_SEARCH_PATHS = (
					"$(inherited)",
					"@executable_path/Frameworks",
					"@loader_path/Frameworks",
				);
				PRODUCT_BUNDLE_IDENTIFIER = "com.mirsang.Konkani-RecipesUITests";
				PRODUCT_NAME = "$(TARGET_NAME)";
				SWIFT_VERSION = 4.0;
				TARGETED_DEVICE_FAMILY = "1,2";
				TEST_TARGET_NAME = "Konkani Recipes";
			};
			name = Debug;
		};
		76493927208EEB380041FED2 /* Release */ = {
			isa = XCBuildConfiguration;
			baseConfigurationReference = 78D8BFAB960C4D03EBDF1641 /* Pods-Konkani RecipesUITests.release.xcconfig */;
			buildSettings = {
				ALWAYS_EMBED_SWIFT_STANDARD_LIBRARIES = YES;
				CODE_SIGN_STYLE = Automatic;
				DEVELOPMENT_TEAM = U8LA2G52A7;
				INFOPLIST_FILE = "Konkani RecipesUITests/Info.plist";
				LD_RUNPATH_SEARCH_PATHS = (
					"$(inherited)",
					"@executable_path/Frameworks",
					"@loader_path/Frameworks",
				);
				PRODUCT_BUNDLE_IDENTIFIER = "com.mirsang.Konkani-RecipesUITests";
				PRODUCT_NAME = "$(TARGET_NAME)";
				SWIFT_VERSION = 4.0;
				TARGETED_DEVICE_FAMILY = "1,2";
				TEST_TARGET_NAME = "Konkani Recipes";
			};
			name = Release;
		};
/* End XCBuildConfiguration section */

/* Begin XCConfigurationList section */
		764938EF208EEB370041FED2 /* Build configuration list for PBXProject "Konkani Recipes" */ = {
			isa = XCConfigurationList;
			buildConfigurations = (
				7649391D208EEB380041FED2 /* Debug */,
				7649391E208EEB380041FED2 /* Release */,
			);
			defaultConfigurationIsVisible = 0;
			defaultConfigurationName = Release;
		};
		7649391F208EEB380041FED2 /* Build configuration list for PBXNativeTarget "Konkani Recipes" */ = {
			isa = XCConfigurationList;
			buildConfigurations = (
				76493920208EEB380041FED2 /* Debug */,
				76493921208EEB380041FED2 /* Release */,
			);
			defaultConfigurationIsVisible = 0;
			defaultConfigurationName = Release;
		};
		76493922208EEB380041FED2 /* Build configuration list for PBXNativeTarget "Konkani RecipesTests" */ = {
			isa = XCConfigurationList;
			buildConfigurations = (
				76493923208EEB380041FED2 /* Debug */,
				76493924208EEB380041FED2 /* Release */,
			);
			defaultConfigurationIsVisible = 0;
			defaultConfigurationName = Release;
		};
		76493925208EEB380041FED2 /* Build configuration list for PBXNativeTarget "Konkani RecipesUITests" */ = {
			isa = XCConfigurationList;
			buildConfigurations = (
				76493926208EEB380041FED2 /* Debug */,
				76493927208EEB380041FED2 /* Release */,
			);
			defaultConfigurationIsVisible = 0;
			defaultConfigurationName = Release;
		};
/* End XCConfigurationList section */

/* Begin XCVersionGroup section */
		764938FE208EEB370041FED2 /* Konkani_Recipes.xcdatamodeld */ = {
			isa = XCVersionGroup;
			children = (
				764938FF208EEB370041FED2 /* Konkani_Recipes.xcdatamodel */,
			);
			currentVersion = 764938FF208EEB370041FED2 /* Konkani_Recipes.xcdatamodel */;
			path = Konkani_Recipes.xcdatamodeld;
			sourceTree = "<group>";
			versionGroupType = wrapper.xcdatamodel;
		};
/* End XCVersionGroup section */
	};
	rootObject = 764938EC208EEB370041FED2 /* Project object */;
}
